
Microsoft Visual Studio Solution File, Format Version 12.00
# Visual Studio Version 17
VisualStudioVersion = 17.7.34009.444
MinimumVisualStudioVersion = 10.0.40219.1
Project("{FAE04EC0-301F-11D3-BF4B-00C04F79EFBC}") = "AwesomeDevEvents.API", "AwesomeDevEvents.API\AwesomeDevEvents.API.csproj", "{8CC31DC6-74CF-47C2-BF16-B241B4721D37}"
EndProject
Global
	GlobalSection(SolutionConfigurationPlatforms) = preSolution
		Debug|Any CPU = Debug|Any CPU
		Release|Any CPU = Release|Any CPU
	EndGlobalSection
	GlobalSection(ProjectConfigurationPlatforms) = postSolution
		{8CC31DC6-74CF-47C2-BF16-B241B4721D37}.Debug|Any CPU.ActiveCfg = Debug|Any CPU
		{8CC31DC6-74CF-47C2-BF16-B241B4721D37}.Debug|Any CPU.Build.0 = Debug|Any CPU
		{8CC31DC6-74CF-47C2-BF16-B241B4721D37}.Release|Any CPU.ActiveCfg = Release|Any CPU
		{8CC31DC6-74CF-47C2-BF16-B241B4721D37}.Release|Any CPU.Build.0 = Release|Any CPU
	EndGlobalSection
	GlobalSection(SolutionProperties) = preSolution
		HideSolutionNode = FALSE
	EndGlobalSection
	GlobalSection(ExtensibilityGlobals) = postSolution
		SolutionGuid = {95CD0B24-D080-4661-9794-622689B84B55}
	EndGlobalSection
EndGlobal
